// !$*UTF8*$!
{
	archiveVersion = 1;
	classes = {
	};
	objectVersion = 50;
	objects = {

/* Begin PBXBuildFile section */
		3A130E3522D4955800B9B5E3 /* RoundCornerButton.swift in Sources */ = {isa = PBXBuildFile; fileRef = 3A130E3422D4955800B9B5E3 /* RoundCornerButton.swift */; };
		3A7E518822D613E100B1C7DA /* CustomAlertView.swift in Sources */ = {isa = PBXBuildFile; fileRef = 3A7E518722D613E100B1C7DA /* CustomAlertView.swift */; };
		3ABFFB9A22D46961000B5078 /* AppDelegate.swift in Sources */ = {isa = PBXBuildFile; fileRef = 3ABFFB9922D46961000B5078 /* AppDelegate.swift */; };
		3ABFFB9C22D46961000B5078 /* ViewController.swift in Sources */ = {isa = PBXBuildFile; fileRef = 3ABFFB9B22D46961000B5078 /* ViewController.swift */; };
		3ABFFB9F22D46961000B5078 /* Main.storyboard in Resources */ = {isa = PBXBuildFile; fileRef = 3ABFFB9D22D46961000B5078 /* Main.storyboard */; };
		3ABFFBA122D46962000B5078 /* Assets.xcassets in Resources */ = {isa = PBXBuildFile; fileRef = 3ABFFBA022D46962000B5078 /* Assets.xcassets */; };
		3ABFFBA422D46962000B5078 /* LaunchScreen.storyboard in Resources */ = {isa = PBXBuildFile; fileRef = 3ABFFBA222D46962000B5078 /* LaunchScreen.storyboard */; };
		3ABFFBAF22D46962000B5078 /* CalculatorTests.swift in Sources */ = {isa = PBXBuildFile; fileRef = 3ABFFBAE22D46962000B5078 /* CalculatorTests.swift */; };
/* End PBXBuildFile section */

/* Begin PBXContainerItemProxy section */
		3ABFFBAB22D46962000B5078 /* PBXContainerItemProxy */ = {
			isa = PBXContainerItemProxy;
			containerPortal = 3ABFFB8E22D46961000B5078 /* Project object */;
			proxyType = 1;
			remoteGlobalIDString = 3ABFFB9522D46961000B5078;
			remoteInfo = Calculator;
		};
/* End PBXContainerItemProxy section */

/* Begin PBXFileReference section */
		3A130E3422D4955800B9B5E3 /* RoundCornerButton.swift */ = {isa = PBXFileReference; lastKnownFileType = sourcecode.swift; path = RoundCornerButton.swift; sourceTree = "<group>"; };
		3A7E518722D613E100B1C7DA /* CustomAlertView.swift */ = {isa = PBXFileReference; lastKnownFileType = sourcecode.swift; path = CustomAlertView.swift; sourceTree = "<group>"; };
		3ABFFB9622D46961000B5078 /* Calculator.app */ = {isa = PBXFileReference; explicitFileType = wrapper.application; includeInIndex = 0; path = Calculator.app; sourceTree = BUILT_PRODUCTS_DIR; };
		3ABFFB9922D46961000B5078 /* AppDelegate.swift */ = {isa = PBXFileReference; lastKnownFileType = sourcecode.swift; path = AppDelegate.swift; sourceTree = "<group>"; };
		3ABFFB9B22D46961000B5078 /* ViewController.swift */ = {isa = PBXFileReference; lastKnownFileType = sourcecode.swift; path = ViewController.swift; sourceTree = "<group>"; };
		3ABFFB9E22D46961000B5078 /* Base */ = {isa = PBXFileReference; lastKnownFileType = file.storyboard; name = Base; path = Base.lproj/Main.storyboard; sourceTree = "<group>"; };
		3ABFFBA022D46962000B5078 /* Assets.xcassets */ = {isa = PBXFileReference; lastKnownFileType = folder.assetcatalog; path = Assets.xcassets; sourceTree = "<group>"; };
		3ABFFBA322D46962000B5078 /* Base */ = {isa = PBXFileReference; lastKnownFileType = file.storyboard; name = Base; path = Base.lproj/LaunchScreen.storyboard; sourceTree = "<group>"; };
		3ABFFBA522D46962000B5078 /* Info.plist */ = {isa = PBXFileReference; lastKnownFileType = text.plist.xml; path = Info.plist; sourceTree = "<group>"; };
		3ABFFBAA22D46962000B5078 /* CalculatorTests.xctest */ = {isa = PBXFileReference; explicitFileType = wrapper.cfbundle; includeInIndex = 0; path = CalculatorTests.xctest; sourceTree = BUILT_PRODUCTS_DIR; };
		3ABFFBAE22D46962000B5078 /* CalculatorTests.swift */ = {isa = PBXFileReference; lastKnownFileType = sourcecode.swift; path = CalculatorTests.swift; sourceTree = "<group>"; };
		3ABFFBB022D46962000B5078 /* Info.plist */ = {isa = PBXFileReference; lastKnownFileType = text.plist.xml; path = Info.plist; sourceTree = "<group>"; };
/* End PBXFileReference section */

/* Begin PBXFrameworksBuildPhase section */
		3ABFFB9322D46961000B5078 /* Frameworks */ = {
			isa = PBXFrameworksBuildPhase;
			buildActionMask = 2147483647;
			files = (
			);
			runOnlyForDeploymentPostprocessing = 0;
		};
		3ABFFBA722D46962000B5078 /* Frameworks */ = {
			isa = PBXFrameworksBuildPhase;
			buildActionMask = 2147483647;
			files = (
			);
			runOnlyForDeploymentPostprocessing = 0;
		};
/* End PBXFrameworksBuildPhase section */

/* Begin PBXGroup section */
		3ABFFB8D22D46961000B5078 = {
			isa = PBXGroup;
			children = (
				3ABFFB9822D46961000B5078 /* Calculator */,
				3ABFFBAD22D46962000B5078 /* CalculatorTests */,
				3ABFFB9722D46961000B5078 /* Products */,
			);
			sourceTree = "<group>";
		};
		3ABFFB9722D46961000B5078 /* Products */ = {
			isa = PBXGroup;
			children = (
				3ABFFB9622D46961000B5078 /* Calculator.app */,
				3ABFFBAA22D46962000B5078 /* CalculatorTests.xctest */,
			);
			name = Products;
			sourceTree = "<group>";
		};
		3ABFFB9822D46961000B5078 /* Calculator */ = {
			isa = PBXGroup;
			children = (
				3ABFFBBC22D4699A000B5078 /* Other */,
				3ABFFBBA22D46988000B5078 /* ViewModel */,
				3ABFFBB922D4697D000B5078 /* View */,
				3ABFFBA522D46962000B5078 /* Info.plist */,
			);
			path = Calculator;
			sourceTree = "<group>";
		};
		3ABFFBAD22D46962000B5078 /* CalculatorTests */ = {
			isa = PBXGroup;
			children = (
				3ABFFBAE22D46962000B5078 /* CalculatorTests.swift */,
				3ABFFBB022D46962000B5078 /* Info.plist */,
			);
			path = CalculatorTests;
			sourceTree = "<group>";
		};
		3ABFFBB922D4697D000B5078 /* View */ = {
			isa = PBXGroup;
			children = (
				3ABFFB9B22D46961000B5078 /* ViewController.swift */,
				3ABFFB9D22D46961000B5078 /* Main.storyboard */,
				3A130E3422D4955800B9B5E3 /* RoundCornerButton.swift */,
				3A7E518722D613E100B1C7DA /* CustomAlertView.swift */,
			);
			path = View;
			sourceTree = "<group>";
		};
		3ABFFBBA22D46988000B5078 /* ViewModel */ = {
			isa = PBXGroup;
			children = (
			);
			path = ViewModel;
			sourceTree = "<group>";
		};
		3ABFFBBC22D4699A000B5078 /* Other */ = {
			isa = PBXGroup;
			children = (
				3ABFFB9922D46961000B5078 /* AppDelegate.swift */,
				3ABFFBA022D46962000B5078 /* Assets.xcassets */,
				3ABFFBA222D46962000B5078 /* LaunchScreen.storyboard */,
			);
			path = Other;
			sourceTree = "<group>";
		};
/* End PBXGroup section */

/* Begin PBXNativeTarget section */
		3ABFFB9522D46961000B5078 /* Calculator */ = {
			isa = PBXNativeTarget;
			buildConfigurationList = 3ABFFBB322D46962000B5078 /* Build configuration list for PBXNativeTarget "Calculator" */;
			buildPhases = (
				3ABFFB9222D46961000B5078 /* Sources */,
				3ABFFB9322D46961000B5078 /* Frameworks */,
				3ABFFB9422D46961000B5078 /* Resources */,
			);
			buildRules = (
			);
			dependencies = (
			);
			name = Calculator;
			productName = Calculator;
			productReference = 3ABFFB9622D46961000B5078 /* Calculator.app */;
			productType = "com.apple.product-type.application";
		};
		3ABFFBA922D46962000B5078 /* CalculatorTests */ = {
			isa = PBXNativeTarget;
			buildConfigurationList = 3ABFFBB622D46962000B5078 /* Build configuration list for PBXNativeTarget "CalculatorTests" */;
			buildPhases = (
				3ABFFBA622D46962000B5078 /* Sources */,
				3ABFFBA722D46962000B5078 /* Frameworks */,
				3ABFFBA822D46962000B5078 /* Resources */,
			);
			buildRules = (
			);
			dependencies = (
				3ABFFBAC22D46962000B5078 /* PBXTargetDependency */,
			);
			name = CalculatorTests;
			productName = CalculatorTests;
			productReference = 3ABFFBAA22D46962000B5078 /* CalculatorTests.xctest */;
			productType = "com.apple.product-type.bundle.unit-test";
		};
/* End PBXNativeTarget section */

/* Begin PBXProject section */
		3ABFFB8E22D46961000B5078 /* Project object */ = {
			isa = PBXProject;
			attributes = {
				LastSwiftUpdateCheck = 1020;
				LastUpgradeCheck = 1020;
				ORGANIZATIONNAME = xueming.liu;
				TargetAttributes = {
					3ABFFB9522D46961000B5078 = {
						CreatedOnToolsVersion = 10.2.1;
					};
					3ABFFBA922D46962000B5078 = {
						CreatedOnToolsVersion = 10.2.1;
						TestTargetID = 3ABFFB9522D46961000B5078;
					};
				};
			};
			buildConfigurationList = 3ABFFB9122D46961000B5078 /* Build configuration list for PBXProject "Calculator" */;
			compatibilityVersion = "Xcode 9.3";
			developmentRegion = en;
			hasScannedForEncodings = 0;
			knownRegions = (
				en,
				Base,
			);
			mainGroup = 3ABFFB8D22D46961000B5078;
			productRefGroup = 3ABFFB9722D46961000B5078 /* Products */;
			projectDirPath = "";
			projectRoot = "";
			targets = (
				3ABFFB9522D46961000B5078 /* Calculator */,
				3ABFFBA922D46962000B5078 /* CalculatorTests */,
			);
		};
/* End PBXProject section */

/* Begin PBXResourcesBuildPhase section */
		3ABFFB9422D46961000B5078 /* Resources */ = {
			isa = PBXResourcesBuildPhase;
			buildActionMask = 2147483647;
			files = (
				3ABFFBA422D46962000B5078 /* LaunchScreen.storyboard in Resources */,
				3ABFFBA122D46962000B5078 /* Assets.xcassets in Resources */,
				3ABFFB9F22D46961000B5078 /* Main.storyboard in Resources */,
			);
			runOnlyForDeploymentPostprocessing = 0;
		};
		3ABFFBA822D46962000B5078 /* Resources */ = {
			isa = PBXResourcesBuildPhase;
			buildActionMask = 2147483647;
			files = (
			);
			runOnlyForDeploymentPostprocessing = 0;
		};
/* End PBXResourcesBuildPhase section */

/* Begin PBXSourcesBuildPhase section */
		3ABFFB9222D46961000B5078 /* Sources */ = {
			isa = PBXSourcesBuildPhase;
			buildActionMask = 2147483647;
			files = (
				3A130E3522D4955800B9B5E3 /* RoundCornerButton.swift in Sources */,
				3ABFFB9C22D46961000B5078 /* ViewController.swift in Sources */,
				3A7E518822D613E100B1C7DA /* CustomAlertView.swift in Sources */,
				3ABFFB9A22D46961000B5078 /* AppDelegate.swift in Sources */,
			);
			runOnlyForDeploymentPostprocessing = 0;
		};
		3ABFFBA622D46962000B5078 /* Sources */ = {
			isa = PBXSourcesBuildPhase;
			buildActionMask = 2147483647;
			files = (
				3ABFFBAF22D46962000B5078 /* CalculatorTests.swift in Sources */,
			);
			runOnlyForDeploymentPostprocessing = 0;
		};
/* End PBXSourcesBuildPhase section */

/* Begin PBXTargetDependency section */
		3ABFFBAC22D46962000B5078 /* PBXTargetDependency */ = {
			isa = PBXTargetDependency;
			target = 3ABFFB9522D46961000B5078 /* Calculator */;
			targetProxy = 3ABFFBAB22D46962000B5078 /* PBXContainerItemProxy */;
		};
/* End PBXTargetDependency section */

/* Begin PBXVariantGroup section */
		3ABFFB9D22D46961000B5078 /* Main.storyboard */ = {
			isa = PBXVariantGroup;
			children = (
				3ABFFB9E22D46961000B5078 /* Base */,
			);
			name = Main.storyboard;
			sourceTree = "<group>";
		};
		3ABFFBA222D46962000B5078 /* LaunchScreen.storyboard */ = {
			isa = PBXVariantGroup;
			children = (
				3ABFFBA322D46962000B5078 /* Base */,
			);
			name = LaunchScreen.storyboard;
			sourceTree = "<group>";
		};
/* End PBXVariantGroup section */

/* Begin XCBuildConfiguration section */
		3ABFFBB122D46962000B5078 /* Debug */ = {
			isa = XCBuildConfiguration;
			buildSettings = {
				ALWAYS_SEARCH_USER_PATHS = NO;
				CLANG_ANALYZER_NONNULL = YES;
				CLANG_ANALYZER_NUMBER_OBJECT_CONVERSION = YES_AGGRESSIVE;
				CLANG_CXX_LANGUAGE_STANDARD = "gnu++14";
				CLANG_CXX_LIBRARY = "libc++";
				CLANG_ENABLE_MODULES = YES;
				CLANG_ENABLE_OBJC_ARC = YES;
				CLANG_ENABLE_OBJC_WEAK = YES;
				CLANG_WARN_BLOCK_CAPTURE_AUTORELEASING = YES;
				CLANG_WARN_BOOL_CONVERSION = YES;
				CLANG_WARN_COMMA = YES;
				CLANG_WARN_CONSTANT_CONVERSION = YES;
				CLANG_WARN_DEPRECATED_OBJC_IMPLEMENTATIONS = YES;
				CLANG_WARN_DIRECT_OBJC_ISA_USAGE = YES_ERROR;
				CLANG_WARN_DOCUMENTATION_COMMENTS = YES;
				CLANG_WARN_EMPTY_BODY = YES;
				CLANG_WARN_ENUM_CONVERSION = YES;
				CLANG_WARN_INFINITE_RECURSION = YES;
				CLANG_WARN_INT_CONVERSION = YES;
				CLANG_WARN_NON_LITERAL_NULL_CONVERSION = YES;
				CLANG_WARN_OBJC_IMPLICIT_RETAIN_SELF = YES;
				CLANG_WARN_OBJC_LITERAL_CONVERSION = YES;
				CLANG_WARN_OBJC_ROOT_CLASS = YES_ERROR;
				CLANG_WARN_RANGE_LOOP_ANALYSIS = YES;
				CLANG_WARN_STRICT_PROTOTYPES = YES;
				CLANG_WARN_SUSPICIOUS_MOVE = YES;
				CLANG_WARN_UNGUARDED_AVAILABILITY = YES_AGGRESSIVE;
				CLANG_WARN_UNREACHABLE_CODE = YES;
				CLANG_WARN__DUPLICATE_METHOD_MATCH = YES;
				CODE_SIGN_IDENTITY = "iPhone Developer";
				COPY_PHASE_STRIP = NO;
				DEBUG_INFORMATION_FORMAT = dwarf;
				ENABLE_STRICT_OBJC_MSGSEND = YES;
				ENABLE_TESTABILITY = YES;
				GCC_C_LANGUAGE_STANDARD = gnu11;
				GCC_DYNAMIC_NO_PIC = NO;
				GCC_NO_COMMON_BLOCKS = YES;
				GCC_OPTIMIZATION_LEVEL = 0;
				GCC_PREPROCESSOR_DEFINITIONS = (
					"DEBUG=1",
					"$(inherited)",
				);
				GCC_WARN_64_TO_32_BIT_CONVERSION = YES;
				GCC_WARN_ABOUT_RETURN_TYPE = YES_ERROR;
				GCC_WARN_UNDECLARED_SELECTOR = YES;
				GCC_WARN_UNINITIALIZED_AUTOS = YES_AGGRESSIVE;
				GCC_WARN_UNUSED_FUNCTION = YES;
				GCC_WARN_UNUSED_VARIABLE = YES;
				IPHONEOS_DEPLOYMENT_TARGET = 12.2;
				MTL_ENABLE_DEBUG_INFO = INCLUDE_SOURCE;
				MTL_FAST_MATH = YES;
				ONLY_ACTIVE_ARCH = YES;
				SDKROOT = iphoneos;
				SWIFT_ACTIVE_COMPILATION_CONDITIONS = DEBUG;
				SWIFT_OPTIMIZATION_LEVEL = "-Onone";
			};
			name = Debug;
		};
		3ABFFBB222D46962000B5078 /* Release */ = {
			isa = XCBuildConfiguration;
			buildSettings = {
				ALWAYS_SEARCH_USER_PATHS = NO;
				CLANG_ANALYZER_NONNULL = YES;
				CLANG_ANALYZER_NUMBER_OBJECT_CONVERSION = YES_AGGRESSIVE;
				CLANG_CXX_LANGUAGE_STANDARD = "gnu++14";
				CLANG_CXX_LIBRARY = "libc++";
				CLANG_ENABLE_MODULES = YES;
				CLANG_ENABLE_OBJC_ARC = YES;
				CLANG_ENABLE_OBJC_WEAK = YES;
				CLANG_WARN_BLOCK_CAPTURE_AUTORELEASING = YES;
				CLANG_WARN_BOOL_CONVERSION = YES;
				CLANG_WARN_COMMA = YES;
				CLANG_WARN_CONSTANT_CONVERSION = YES;
				CLANG_WARN_DEPRECATED_OBJC_IMPLEMENTATIONS = YES;
				CLANG_WARN_DIRECT_OBJC_ISA_USAGE = YES_ERROR;
				CLANG_WARN_DOCUMENTATION_COMMENTS = YES;
				CLANG_WARN_EMPTY_BODY = YES;
				CLANG_WARN_ENUM_CONVERSION = YES;
				CLANG_WARN_INFINITE_RECURSION = YES;
				CLANG_WARN_INT_CONVERSION = YES;
				CLANG_WARN_NON_LITERAL_NULL_CONVERSION = YES;
				CLANG_WARN_OBJC_IMPLICIT_RETAIN_SELF = YES;
				CLANG_WARN_OBJC_LITERAL_CONVERSION = YES;
				CLANG_WARN_OBJC_ROOT_CLASS = YES_ERROR;
				CLANG_WARN_RANGE_LOOP_ANALYSIS = YES;
				CLANG_WARN_STRICT_PROTOTYPES = YES;
				CLANG_WARN_SUSPICIOUS_MOVE = YES;
				CLANG_WARN_UNGUARDED_AVAILABILITY = YES_AGGRESSIVE;
				CLANG_WARN_UNREACHABLE_CODE = YES;
				CLANG_WARN__DUPLICATE_METHOD_MATCH = YES;
				CODE_SIGN_IDENTITY = "iPhone Developer";
				COPY_PHASE_STRIP = NO;
				DEBUG_INFORMATION_FORMAT = "dwarf-with-dsym";
				ENABLE_NS_ASSERTIONS = NO;
				ENABLE_STRICT_OBJC_MSGSEND = YES;
				GCC_C_LANGUAGE_STANDARD = gnu11;
				GCC_NO_COMMON_BLOCKS = YES;
				GCC_WARN_64_TO_32_BIT_CONVERSION = YES;
				GCC_WARN_ABOUT_RETURN_TYPE = YES_ERROR;
				GCC_WARN_UNDECLARED_SELECTOR = YES;
				GCC_WARN_UNINITIALIZED_AUTOS = YES_AGGRESSIVE;
				GCC_WARN_UNUSED_FUNCTION = YES;
				GCC_WARN_UNUSED_VARIABLE = YES;
				IPHONEOS_DEPLOYMENT_TARGET = 12.2;
				MTL_ENABLE_DEBUG_INFO = NO;
				MTL_FAST_MATH = YES;
				SDKROOT = iphoneos;
				SWIFT_COMPILATION_MODE = wholemodule;
				SWIFT_OPTIMIZATION_LEVEL = "-O";
				VALIDATE_PRODUCT = YES;
			};
			name = Release;
		};
		3ABFFBB422D46962000B5078 /* Debug */ = {
			isa = XCBuildConfiguration;
			buildSettings = {
				ASSETCATALOG_COMPILER_APPICON_NAME = AppIcon;
				CODE_SIGN_STYLE = Automatic;
				DEVELOPMENT_TEAM = D486T8H7AV;
				INFOPLIST_FILE = Calculator/Info.plist;
				LD_RUNPATH_SEARCH_PATHS = (
					"$(inherited)",
					"@executable_path/Frameworks",
				);
				PRODUCT_BUNDLE_IDENTIFIER = com.thoughtworks.Calculator;
				PRODUCT_NAME = "$(TARGET_NAME)";
				SWIFT_VERSION = 5.0;
				TARGETED_DEVICE_FAMILY = "1,2";
			};
			name = Debug;
		};
		3ABFFBB522D46962000B5078 /* Release */ = {
			isa = XCBuildConfiguration;
			buildSettings = {
				ASSETCATALOG_COMPILER_APPICON_NAME = AppIcon;
				CODE_SIGN_STYLE = Automatic;
				DEVELOPMENT_TEAM = D486T8H7AV;
				INFOPLIST_FILE = Calculator/Info.plist;
				LD_RUNPATH_SEARCH_PATHS = (
					"$(inherited)",
					"@executable_path/Frameworks",
				);
				PRODUCT_BUNDLE_IDENTIFIER = com.thoughtworks.Calculator;
				PRODUCT_NAME = "$(TARGET_NAME)";
				SWIFT_VERSION = 5.0;
				TARGETED_DEVICE_FAMILY = "1,2";
			};
			name = Release;
		};
		3ABFFBB722D46962000B5078 /* Debug */ = {
			isa = XCBuildConfiguration;
			buildSettings = {
				ALWAYS_EMBED_SWIFT_STANDARD_LIBRARIES = YES;
				BUNDLE_LOADER = "$(TEST_HOST)";
				CODE_SIGN_STYLE = Automatic;
				DEVELOPMENT_TEAM = D486T8H7AV;
				INFOPLIST_FILE = CalculatorTests/Info.plist;
				LD_RUNPATH_SEARCH_PATHS = (
					"$(inherited)",
					"@executable_path/Frameworks",
					"@loader_path/Frameworks",
				);
				PRODUCT_BUNDLE_IDENTIFIER = com.thoughtworks.CalculatorTests;
				PRODUCT_NAME = "$(TARGET_NAME)";
				SWIFT_VERSION = 5.0;
				TARGETED_DEVICE_FAMILY = "1,2";
				TEST_HOST = "$(BUILT_PRODUCTS_DIR)/Calculator.app/Calculator";
			};
			name = Debug;
		};
		3ABFFBB822D46962000B5078 /* Release */ = {
			isa = XCBuildConfiguration;
			buildSettings = {
				ALWAYS_EMBED_SWIFT_STANDARD_LIBRARIES = YES;
				BUNDLE_LOADER = "$(TEST_HOST)";
				CODE_SIGN_STYLE = Automatic;
				DEVELOPMENT_TEAM = D486T8H7AV;
				INFOPLIST_FILE = CalculatorTests/Info.plist;
				LD_RUNPATH_SEARCH_PATHS = (
					"$(inherited)",
					"@executable_path/Frameworks",
					"@loader_path/Frameworks",
				);
				PRODUCT_BUNDLE_IDENTIFIER = com.thoughtworks.CalculatorTests;
				PRODUCT_NAME = "$(TARGET_NAME)";
				SWIFT_VERSION = 5.0;
				TARGETED_DEVICE_FAMILY = "1,2";
				TEST_HOST = "$(BUILT_PRODUCTS_DIR)/Calculator.app/Calculator";
			};
			name = Release;
		};
/* End XCBuildConfiguration section */

/* Begin XCConfigurationList section */
		3ABFFB9122D46961000B5078 /* Build configuration list for PBXProject "Calculator" */ = {
			isa = XCConfigurationList;
			buildConfigurations = (
				3ABFFBB122D46962000B5078 /* Debug */,
				3ABFFBB222D46962000B5078 /* Release */,
			);
			defaultConfigurationIsVisible = 0;
			defaultConfigurationName = Release;
		};
		3ABFFBB322D46962000B5078 /* Build configuration list for PBXNativeTarget "Calculator" */ = {
			isa = XCConfigurationList;
			buildConfigurations = (
				3ABFFBB422D46962000B5078 /* Debug */,
				3ABFFBB522D46962000B5078 /* Release */,
			);
			defaultConfigurationIsVisible = 0;
			defaultConfigurationName = Release;
		};
		3ABFFBB622D46962000B5078 /* Build configuration list for PBXNativeTarget "CalculatorTests" */ = {
			isa = XCConfigurationList;
			buildConfigurations = (
				3ABFFBB722D46962000B5078 /* Debug */,
				3ABFFBB822D46962000B5078 /* Release */,
			);
			defaultConfigurationIsVisible = 0;
			defaultConfigurationName = Release;
		};
/* End XCConfigurationList section */
	};
	rootObject = 3ABFFB8E22D46961000B5078 /* Project object */;
}
